
Microsoft Visual Studio Solution File, Format Version 12.00
# Visual Studio 15
VisualStudioVersion = 15.0.28307.489
MinimumVisualStudioVersion = 10.0.40219.1
Project("{888888A0-9F3D-457C-B088-3A5042F75D52}") = "BracketScraper", "BracketScraper\BracketScraper.pyproj", "{69C3F7DC-8A7F-4411-850A-1D91E977C72E}"
EndProject
Global
	GlobalSection(SolutionConfigurationPlatforms) = preSolution
		Debug|Any CPU = Debug|Any CPU
		Release|Any CPU = Release|Any CPU
	EndGlobalSection
	GlobalSection(ProjectConfigurationPlatforms) = postSolution
		{69C3F7DC-8A7F-4411-850A-1D91E977C72E}.Debug|Any CPU.ActiveCfg = Debug|Any CPU
		{69C3F7DC-8A7F-4411-850A-1D91E977C72E}.Release|Any CPU.ActiveCfg = Release|Any CPU
	EndGlobalSection
	GlobalSection(SolutionProperties) = preSolution
		HideSolutionNode = FALSE
	EndGlobalSection
	GlobalSection(ExtensibilityGlobals) = postSolution
		SolutionGuid = {A43353A8-0E9B-446C-A9C0-74905D84F5A2}
	EndGlobalSection
EndGlobal
